
Microsoft Visual Studio Solution File, Format Version 12.00
# Visual Studio 15
VisualStudioVersion = 15.0.27004.2002
MinimumVisualStudioVersion = 10.0.40219.1
Project("{FAE04EC0-301F-11D3-BF4B-00C04F79EFBC}") = "UdpNetworking", "UdpNetworking\UdpNetworking.csproj", "{0B59828D-F1B8-4562-BDFF-5ED891F1F0D3}"
EndProject
Project("{FAE04EC0-301F-11D3-BF4B-00C04F79EFBC}") = "TcpNetworking", "TcpNetworking\TcpNetworking.csproj", "{6DE47899-50F2-4B7A-A18C-D312BEB5E91D}"
EndProject
Global
	GlobalSection(SolutionConfigurationPlatforms) = preSolution
		Debug|Any CPU = Debug|Any CPU
		Release|Any CPU = Release|Any CPU
	EndGlobalSection
	GlobalSection(ProjectConfigurationPlatforms) = postSolution
		{0B59828D-F1B8-4562-BDFF-5ED891F1F0D3}.Debug|Any CPU.ActiveCfg = Debug|Any CPU
		{0B59828D-F1B8-4562-BDFF-5ED891F1F0D3}.Debug|Any CPU.Build.0 = Debug|Any CPU
		{0B59828D-F1B8-4562-BDFF-5ED891F1F0D3}.Release|Any CPU.ActiveCfg = Release|Any CPU
		{0B59828D-F1B8-4562-BDFF-5ED891F1F0D3}.Release|Any CPU.Build.0 = Release|Any CPU
		{6DE47899-50F2-4B7A-A18C-D312BEB5E91D}.Debug|Any CPU.ActiveCfg = Debug|Any CPU
		{6DE47899-50F2-4B7A-A18C-D312BEB5E91D}.Debug|Any CPU.Build.0 = Debug|Any CPU
		{6DE47899-50F2-4B7A-A18C-D312BEB5E91D}.Release|Any CPU.ActiveCfg = Release|Any CPU
		{6DE47899-50F2-4B7A-A18C-D312BEB5E91D}.Release|Any CPU.Build.0 = Release|Any CPU
	EndGlobalSection
	GlobalSection(SolutionProperties) = preSolution
		HideSolutionNode = FALSE
	EndGlobalSection
	GlobalSection(ExtensibilityGlobals) = postSolution
		SolutionGuid = {6FD7C52D-BCE2-484B-AB9F-D863792ABA57}
	EndGlobalSection
EndGlobal
